
Microsoft Visual Studio Solution File, Format Version 12.00
# Visual Studio Version 16
VisualStudioVersion = 16.0.30804.86
MinimumVisualStudioVersion = 10.0.40219.1
Project("{FAE04EC0-301F-11D3-BF4B-00C04F79EFBC}") = "DanskeIT.UnitTesting.Demo", "DanskeIT.UnitTesting.Demo.csproj", "{7A7EE86A-4C89-4B69-98EE-B71E21E763CE}"
EndProject
Project("{FAE04EC0-301F-11D3-BF4B-00C04F79EFBC}") = "DanskeIT.UnitTesting.Demo.Tests", "..\DanskeIT.UnitTesting.Demo.Tests\DanskeIT.UnitTesting.Demo.Tests.csproj", "{5DDF747F-6FDD-45E6-B149-208AF8A7D14D}"
EndProject
Global
	GlobalSection(SolutionConfigurationPlatforms) = preSolution
		Debug|Any CPU = Debug|Any CPU
		Release|Any CPU = Release|Any CPU
	EndGlobalSection
	GlobalSection(ProjectConfigurationPlatforms) = postSolution
		{7A7EE86A-4C89-4B69-98EE-B71E21E763CE}.Debug|Any CPU.ActiveCfg = Debug|Any CPU
		{7A7EE86A-4C89-4B69-98EE-B71E21E763CE}.Debug|Any CPU.Build.0 = Debug|Any CPU
		{7A7EE86A-4C89-4B69-98EE-B71E21E763CE}.Release|Any CPU.ActiveCfg = Release|Any CPU
		{7A7EE86A-4C89-4B69-98EE-B71E21E763CE}.Release|Any CPU.Build.0 = Release|Any CPU
		{5DDF747F-6FDD-45E6-B149-208AF8A7D14D}.Debug|Any CPU.ActiveCfg = Debug|Any CPU
		{5DDF747F-6FDD-45E6-B149-208AF8A7D14D}.Debug|Any CPU.Build.0 = Debug|Any CPU
		{5DDF747F-6FDD-45E6-B149-208AF8A7D14D}.Release|Any CPU.ActiveCfg = Release|Any CPU
		{5DDF747F-6FDD-45E6-B149-208AF8A7D14D}.Release|Any CPU.Build.0 = Release|Any CPU
	EndGlobalSection
	GlobalSection(SolutionProperties) = preSolution
		HideSolutionNode = FALSE
	EndGlobalSection
	GlobalSection(ExtensibilityGlobals) = postSolution
		SolutionGuid = {F152745F-070B-4ACA-8D8D-527B88D5200E}
	EndGlobalSection
EndGlobal
